
Microsoft Visual Studio Solution File, Format Version 12.00
# Visual Studio Version 16
VisualStudioVersion = 16.0.31205.134
MinimumVisualStudioVersion = 10.0.40219.1
Project("{FAE04EC0-301F-11D3-BF4B-00C04F79EFBC}") = "SerialAssistant", "SerialAssistant\SerialAssistant.csproj", "{3E813AAB-42CF-43B9-A9BD-E94D2DFF9A1C}"
EndProject
Global
	GlobalSection(SolutionConfigurationPlatforms) = preSolution
		Debug|Any CPU = Debug|Any CPU
		Release|Any CPU = Release|Any CPU
	EndGlobalSection
	GlobalSection(ProjectConfigurationPlatforms) = postSolution
		{3E813AAB-42CF-43B9-A9BD-E94D2DFF9A1C}.Debug|Any CPU.ActiveCfg = Debug|Any CPU
		{3E813AAB-42CF-43B9-A9BD-E94D2DFF9A1C}.Debug|Any CPU.Build.0 = Debug|Any CPU
		{3E813AAB-42CF-43B9-A9BD-E94D2DFF9A1C}.Release|Any CPU.ActiveCfg = Release|Any CPU
		{3E813AAB-42CF-43B9-A9BD-E94D2DFF9A1C}.Release|Any CPU.Build.0 = Release|Any CPU
	EndGlobalSection
	GlobalSection(SolutionProperties) = preSolution
		HideSolutionNode = FALSE
	EndGlobalSection
	GlobalSection(ExtensibilityGlobals) = postSolution
		SolutionGuid = {BC5962D1-6289-456E-B300-698DDEE2913C}
	EndGlobalSection
EndGlobal
